
Microsoft Visual Studio Solution File, Format Version 11.00
# Visual C# Express 2010
Project("{FAE04EC0-301F-11D3-BF4B-00C04F79EFBC}") = "MassEffectMap.cs", "MassEffectMap.cs\MassEffectMap.cs\MassEffectMap.cs.csproj", "{A360FF70-89B0-4F4D-8D89-833386F6571F}"
EndProject
Project("{96E2B04D-8817-42C6-938A-82C39BA4D311}") = "MassEffectMap.csContent", "MassEffectMap.cs\MassEffectMap.csContent\MassEffectMap.csContent.contentproj", "{7BED2436-BCC6-4F9A-90BF-CE88EE927AF5}"
EndProject
Global
	GlobalSection(SolutionConfigurationPlatforms) = preSolution
		Debug|x86 = Debug|x86
		Release|x86 = Release|x86
	EndGlobalSection
	GlobalSection(ProjectConfigurationPlatforms) = postSolution
		{A360FF70-89B0-4F4D-8D89-833386F6571F}.Debug|x86.ActiveCfg = Debug|x86
		{A360FF70-89B0-4F4D-8D89-833386F6571F}.Debug|x86.Build.0 = Debug|x86
		{A360FF70-89B0-4F4D-8D89-833386F6571F}.Release|x86.ActiveCfg = Release|x86
		{A360FF70-89B0-4F4D-8D89-833386F6571F}.Release|x86.Build.0 = Release|x86
		{7BED2436-BCC6-4F9A-90BF-CE88EE927AF5}.Debug|x86.ActiveCfg = Debug|x86
		{7BED2436-BCC6-4F9A-90BF-CE88EE927AF5}.Release|x86.ActiveCfg = Release|x86
	EndGlobalSection
	GlobalSection(SolutionProperties) = preSolution
		HideSolutionNode = FALSE
	EndGlobalSection
EndGlobal
